// !$*UTF8*$!
{
	archiveVersion = 1;
	classes = {
	};
	objectVersion = 46;
	objects = {

/* Begin PBXBuildFile section */
		D5EB2CEA1C9E86CB004B8784 /* main.m in Sources */ = {isa = PBXBuildFile; fileRef = D5EB2CE91C9E86CB004B8784 /* main.m */; };
		D5EB2CED1C9E86CB004B8784 /* AppDelegate.m in Sources */ = {isa = PBXBuildFile; fileRef = D5EB2CEC1C9E86CB004B8784 /* AppDelegate.m */; };
		D5EB2CF01C9E86CB004B8784 /* ViewController.m in Sources */ = {isa = PBXBuildFile; fileRef = D5EB2CEF1C9E86CB004B8784 /* ViewController.m */; };
		D5EB2CF31C9E86CB004B8784 /* Main.storyboard in Resources */ = {isa = PBXBuildFile; fileRef = D5EB2CF11C9E86CB004B8784 /* Main.storyboard */; };
		D5EB2CF51C9E86CB004B8784 /* Assets.xcassets in Resources */ = {isa = PBXBuildFile; fileRef = D5EB2CF41C9E86CB004B8784 /* Assets.xcassets */; };
		D5EB2CF81C9E86CB004B8784 /* LaunchScreen.storyboard in Resources */ = {isa = PBXBuildFile; fileRef = D5EB2CF61C9E86CB004B8784 /* LaunchScreen.storyboard */; };
		D5EB2D031C9E86CC004B8784 /* _0160320002_DrawerView_DifficultyTests.m in Sources */ = {isa = PBXBuildFile; fileRef = D5EB2D021C9E86CC004B8784 /* _0160320002_DrawerView_DifficultyTests.m */; };
		D5EB2D0E1C9E86CC004B8784 /* _0160320002_DrawerView_DifficultyUITests.m in Sources */ = {isa = PBXBuildFile; fileRef = D5EB2D0D1C9E86CC004B8784 /* _0160320002_DrawerView_DifficultyUITests.m */; };
/* End PBXBuildFile section */

/* Begin PBXContainerItemProxy section */
		D5EB2CFF1C9E86CC004B8784 /* PBXContainerItemProxy */ = {
			isa = PBXContainerItemProxy;
			containerPortal = D5EB2CDD1C9E86CB004B8784 /* Project object */;
			proxyType = 1;
			remoteGlobalIDString = D5EB2CE41C9E86CB004B8784;
			remoteInfo = "20160320002-DrawerView-Difficulty";
		};
		D5EB2D0A1C9E86CC004B8784 /* PBXContainerItemProxy */ = {
			isa = PBXContainerItemProxy;
			containerPortal = D5EB2CDD1C9E86CB004B8784 /* Project object */;
			proxyType = 1;
			remoteGlobalIDString = D5EB2CE41C9E86CB004B8784;
			remoteInfo = "20160320002-DrawerView-Difficulty";
		};
/* End PBXContainerItemProxy section */

/* Begin PBXFileReference section */
		D5EB2CE51C9E86CB004B8784 /* 20160320002-DrawerView-Difficulty.app */ = {isa = PBXFileReference; explicitFileType = wrapper.application; includeInIndex = 0; path = "20160320002-DrawerView-Difficulty.app"; sourceTree = BUILT_PRODUCTS_DIR; };
		D5EB2CE91C9E86CB004B8784 /* main.m */ = {isa = PBXFileReference; lastKnownFileType = sourcecode.c.objc; path = main.m; sourceTree = "<group>"; };
		D5EB2CEB1C9E86CB004B8784 /* AppDelegate.h */ = {isa = PBXFileReference; lastKnownFileType = sourcecode.c.h; path = AppDelegate.h; sourceTree = "<group>"; };
		D5EB2CEC1C9E86CB004B8784 /* AppDelegate.m */ = {isa = PBXFileReference; lastKnownFileType = sourcecode.c.objc; path = AppDelegate.m; sourceTree = "<group>"; };
		D5EB2CEE1C9E86CB004B8784 /* ViewController.h */ = {isa = PBXFileReference; lastKnownFileType = sourcecode.c.h; path = ViewController.h; sourceTree = "<group>"; };
		D5EB2CEF1C9E86CB004B8784 /* ViewController.m */ = {isa = PBXFileReference; lastKnownFileType = sourcecode.c.objc; path = ViewController.m; sourceTree = "<group>"; };
		D5EB2CF21C9E86CB004B8784 /* Base */ = {isa = PBXFileReference; lastKnownFileType = file.storyboard; name = Base; path = Base.lproj/Main.storyboard; sourceTree = "<group>"; };
		D5EB2CF41C9E86CB004B8784 /* Assets.xcassets */ = {isa = PBXFileReference; lastKnownFileType = folder.assetcatalog; path = Assets.xcassets; sourceTree = "<group>"; };
		D5EB2CF71C9E86CB004B8784 /* Base */ = {isa = PBXFileReference; lastKnownFileType = file.storyboard; name = Base; path = Base.lproj/LaunchScreen.storyboard; sourceTree = "<group>"; };
		D5EB2CF91C9E86CB004B8784 /* Info.plist */ = {isa = PBXFileReference; lastKnownFileType = text.plist.xml; path = Info.plist; sourceTree = "<group>"; };
		D5EB2CFE1C9E86CC004B8784 /* 20160320002-DrawerView-DifficultyTests.xctest */ = {isa = PBXFileReference; explicitFileType = wrapper.cfbundle; includeInIndex = 0; path = "20160320002-DrawerView-DifficultyTests.xctest"; sourceTree = BUILT_PRODUCTS_DIR; };
		D5EB2D021C9E86CC004B8784 /* _0160320002_DrawerView_DifficultyTests.m */ = {isa = PBXFileReference; lastKnownFileType = sourcecode.c.objc; path = _0160320002_DrawerView_DifficultyTests.m; sourceTree = "<group>"; };
		D5EB2D041C9E86CC004B8784 /* Info.plist */ = {isa = PBXFileReference; lastKnownFileType = text.plist.xml; path = Info.plist; sourceTree = "<group>"; };
		D5EB2D091C9E86CC004B8784 /* 20160320002-DrawerView-DifficultyUITests.xctest */ = {isa = PBXFileReference; explicitFileType = wrapper.cfbundle; includeInIndex = 0; path = "20160320002-DrawerView-DifficultyUITests.xctest"; sourceTree = BUILT_PRODUCTS_DIR; };
		D5EB2D0D1C9E86CC004B8784 /* _0160320002_DrawerView_DifficultyUITests.m */ = {isa = PBXFileReference; lastKnownFileType = sourcecode.c.objc; path = _0160320002_DrawerView_DifficultyUITests.m; sourceTree = "<group>"; };
		D5EB2D0F1C9E86CC004B8784 /* Info.plist */ = {isa = PBXFileReference; lastKnownFileType = text.plist.xml; path = Info.plist; sourceTree = "<group>"; };
/* End PBXFileReference section */

/* Begin PBXFrameworksBuildPhase section */
		D5EB2CE21C9E86CB004B8784 /* Frameworks */ = {
			isa = PBXFrameworksBuildPhase;
			buildActionMask = 2147483647;
			files = (
			);
			runOnlyForDeploymentPostprocessing = 0;
		};
		D5EB2CFB1C9E86CC004B8784 /* Frameworks */ = {
			isa = PBXFrameworksBuildPhase;
			buildActionMask = 2147483647;
			files = (
			);
			runOnlyForDeploymentPostprocessing = 0;
		};
		D5EB2D061C9E86CC004B8784 /* Frameworks */ = {
			isa = PBXFrameworksBuildPhase;
			buildActionMask = 2147483647;
			files = (
			);
			runOnlyForDeploymentPostprocessing = 0;
		};
/* End PBXFrameworksBuildPhase section */

/* Begin PBXGroup section */
		D5EB2CDC1C9E86CB004B8784 = {
			isa = PBXGroup;
			children = (
				D5EB2CE71C9E86CB004B8784 /* 20160320002-DrawerView-Difficulty */,
				D5EB2D011C9E86CC004B8784 /* 20160320002-DrawerView-DifficultyTests */,
				D5EB2D0C1C9E86CC004B8784 /* 20160320002-DrawerView-DifficultyUITests */,
				D5EB2CE61C9E86CB004B8784 /* Products */,
			);
			sourceTree = "<group>";
		};
		D5EB2CE61C9E86CB004B8784 /* Products */ = {
			isa = PBXGroup;
			children = (
				D5EB2CE51C9E86CB004B8784 /* 20160320002-DrawerView-Difficulty.app */,
				D5EB2CFE1C9E86CC004B8784 /* 20160320002-DrawerView-DifficultyTests.xctest */,
				D5EB2D091C9E86CC004B8784 /* 20160320002-DrawerView-DifficultyUITests.xctest */,
			);
			name = Products;
			sourceTree = "<group>";
		};
		D5EB2CE71C9E86CB004B8784 /* 20160320002-DrawerView-Difficulty */ = {
			isa = PBXGroup;
			children = (
				D5EB2CEB1C9E86CB004B8784 /* AppDelegate.h */,
				D5EB2CEC1C9E86CB004B8784 /* AppDelegate.m */,
				D5EB2CEE1C9E86CB004B8784 /* ViewController.h */,
				D5EB2CEF1C9E86CB004B8784 /* ViewController.m */,
				D5EB2CF11C9E86CB004B8784 /* Main.storyboard */,
				D5EB2CF41C9E86CB004B8784 /* Assets.xcassets */,
				D5EB2CF61C9E86CB004B8784 /* LaunchScreen.storyboard */,
				D5EB2CF91C9E86CB004B8784 /* Info.plist */,
				D5EB2CE81C9E86CB004B8784 /* Supporting Files */,
			);
			path = "20160320002-DrawerView-Difficulty";
			sourceTree = "<group>";
		};
		D5EB2CE81C9E86CB004B8784 /* Supporting Files */ = {
			isa = PBXGroup;
			children = (
				D5EB2CE91C9E86CB004B8784 /* main.m */,
			);
			name = "Supporting Files";
			sourceTree = "<group>";
		};
		D5EB2D011C9E86CC004B8784 /* 20160320002-DrawerView-DifficultyTests */ = {
			isa = PBXGroup;
			children = (
				D5EB2D021C9E86CC004B8784 /* _0160320002_DrawerView_DifficultyTests.m */,
				D5EB2D041C9E86CC004B8784 /* Info.plist */,
			);
			path = "20160320002-DrawerView-DifficultyTests";
			sourceTree = "<group>";
		};
		D5EB2D0C1C9E86CC004B8784 /* 20160320002-DrawerView-DifficultyUITests */ = {
			isa = PBXGroup;
			children = (
				D5EB2D0D1C9E86CC004B8784 /* _0160320002_DrawerView_DifficultyUITests.m */,
				D5EB2D0F1C9E86CC004B8784 /* Info.plist */,
			);
			path = "20160320002-DrawerView-DifficultyUITests";
			sourceTree = "<group>";
		};
/* End PBXGroup section */

/* Begin PBXNativeTarget section */
		D5EB2CE41C9E86CB004B8784 /* 20160320002-DrawerView-Difficulty */ = {
			isa = PBXNativeTarget;
			buildConfigurationList = D5EB2D121C9E86CC004B8784 /* Build configuration list for PBXNativeTarget "20160320002-DrawerView-Difficulty" */;
			buildPhases = (
				D5EB2CE11C9E86CB004B8784 /* Sources */,
				D5EB2CE21C9E86CB004B8784 /* Frameworks */,
				D5EB2CE31C9E86CB004B8784 /* Resources */,
			);
			buildRules = (
			);
			dependencies = (
			);
			name = "20160320002-DrawerView-Difficulty";
			productName = "20160320002-DrawerView-Difficulty";
			productReference = D5EB2CE51C9E86CB004B8784 /* 20160320002-DrawerView-Difficulty.app */;
			productType = "com.apple.product-type.application";
		};
		D5EB2CFD1C9E86CC004B8784 /* 20160320002-DrawerView-DifficultyTests */ = {
			isa = PBXNativeTarget;
			buildConfigurationList = D5EB2D151C9E86CC004B8784 /* Build configuration list for PBXNativeTarget "20160320002-DrawerView-DifficultyTests" */;
			buildPhases = (
				D5EB2CFA1C9E86CC004B8784 /* Sources */,
				D5EB2CFB1C9E86CC004B8784 /* Frameworks */,
				D5EB2CFC1C9E86CC004B8784 /* Resources */,
			);
			buildRules = (
			);
			dependencies = (
				D5EB2D001C9E86CC004B8784 /* PBXTargetDependency */,
			);
			name = "20160320002-DrawerView-DifficultyTests";
			productName = "20160320002-DrawerView-DifficultyTests";
			productReference = D5EB2CFE1C9E86CC004B8784 /* 20160320002-DrawerView-DifficultyTests.xctest */;
			productType = "com.apple.product-type.bundle.unit-test";
		};
		D5EB2D081C9E86CC004B8784 /* 20160320002-DrawerView-DifficultyUITests */ = {
			isa = PBXNativeTarget;
			buildConfigurationList = D5EB2D181C9E86CC004B8784 /* Build configuration list for PBXNativeTarget "20160320002-DrawerView-DifficultyUITests" */;
			buildPhases = (
				D5EB2D051C9E86CC004B8784 /* Sources */,
				D5EB2D061C9E86CC004B8784 /* Frameworks */,
				D5EB2D071C9E86CC004B8784 /* Resources */,
			);
			buildRules = (
			);
			dependencies = (
				D5EB2D0B1C9E86CC004B8784 /* PBXTargetDependency */,
			);
			name = "20160320002-DrawerView-DifficultyUITests";
			productName = "20160320002-DrawerView-DifficultyUITests";
			productReference = D5EB2D091C9E86CC004B8784 /* 20160320002-DrawerView-DifficultyUITests.xctest */;
			productType = "com.apple.product-type.bundle.ui-testing";
		};
/* End PBXNativeTarget section */

/* Begin PBXProject section */
		D5EB2CDD1C9E86CB004B8784 /* Project object */ = {
			isa = PBXProject;
			attributes = {
				LastUpgradeCheck = 0720;
				ORGANIZATIONNAME = Rainer;
				TargetAttributes = {
					D5EB2CE41C9E86CB004B8784 = {
						CreatedOnToolsVersion = 7.2.1;
					};
					D5EB2CFD1C9E86CC004B8784 = {
						CreatedOnToolsVersion = 7.2.1;
						TestTargetID = D5EB2CE41C9E86CB004B8784;
					};
					D5EB2D081C9E86CC004B8784 = {
						CreatedOnToolsVersion = 7.2.1;
						TestTargetID = D5EB2CE41C9E86CB004B8784;
					};
				};
			};
			buildConfigurationList = D5EB2CE01C9E86CB004B8784 /* Build configuration list for PBXProject "20160320002-DrawerView-Difficulty" */;
			compatibilityVersion = "Xcode 3.2";
			developmentRegion = English;
			hasScannedForEncodings = 0;
			knownRegions = (
				en,
				Base,
			);
			mainGroup = D5EB2CDC1C9E86CB004B8784;
			productRefGroup = D5EB2CE61C9E86CB004B8784 /* Products */;
			projectDirPath = "";
			projectRoot = "";
			targets = (
				D5EB2CE41C9E86CB004B8784 /* 20160320002-DrawerView-Difficulty */,
				D5EB2CFD1C9E86CC004B8784 /* 20160320002-DrawerView-DifficultyTests */,
				D5EB2D081C9E86CC004B8784 /* 20160320002-DrawerView-DifficultyUITests */,
			);
		};
/* End PBXProject section */

/* Begin PBXResourcesBuildPhase section */
		D5EB2CE31C9E86CB004B8784 /* Resources */ = {
			isa = PBXResourcesBuildPhase;
			buildActionMask = 2147483647;
			files = (
				D5EB2CF81C9E86CB004B8784 /* LaunchScreen.storyboard in Resources */,
				D5EB2CF51C9E86CB004B8784 /* Assets.xcassets in Resources */,
				D5EB2CF31C9E86CB004B8784 /* Main.storyboard in Resources */,
			);
			runOnlyForDeploymentPostprocessing = 0;
		};
		D5EB2CFC1C9E86CC004B8784 /* Resources */ = {
			isa = PBXResourcesBuildPhase;
			buildActionMask = 2147483647;
			files = (
			);
			runOnlyForDeploymentPostprocessing = 0;
		};
		D5EB2D071C9E86CC004B8784 /* Resources */ = {
			isa = PBXResourcesBuildPhase;
			buildActionMask = 2147483647;
			files = (
			);
			runOnlyForDeploymentPostprocessing = 0;
		};
/* End PBXResourcesBuildPhase section */

/* Begin PBXSourcesBuildPhase section */
		D5EB2CE11C9E86CB004B8784 /* Sources */ = {
			isa = PBXSourcesBuildPhase;
			buildActionMask = 2147483647;
			files = (
				D5EB2CF01C9E86CB004B8784 /* ViewController.m in Sources */,
				D5EB2CED1C9E86CB004B8784 /* AppDelegate.m in Sources */,
				D5EB2CEA1C9E86CB004B8784 /* main.m in Sources */,
			);
			runOnlyForDeploymentPostprocessing = 0;
		};
		D5EB2CFA1C9E86CC004B8784 /* Sources */ = {
			isa = PBXSourcesBuildPhase;
			buildActionMask = 2147483647;
			files = (
				D5EB2D031C9E86CC004B8784 /* _0160320002_DrawerView_DifficultyTests.m in Sources */,
			);
			runOnlyForDeploymentPostprocessing = 0;
		};
		D5EB2D051C9E86CC004B8784 /* Sources */ = {
			isa = PBXSourcesBuildPhase;
			buildActionMask = 2147483647;
			files = (
				D5EB2D0E1C9E86CC004B8784 /* _0160320002_DrawerView_DifficultyUITests.m in Sources */,
			);
			runOnlyForDeploymentPostprocessing = 0;
		};
/* End PBXSourcesBuildPhase section */

/* Begin PBXTargetDependency section */
		D5EB2D001C9E86CC004B8784 /* PBXTargetDependency */ = {
			isa = PBXTargetDependency;
			target = D5EB2CE41C9E86CB004B8784 /* 20160320002-DrawerView-Difficulty */;
			targetProxy = D5EB2CFF1C9E86CC004B8784 /* PBXContainerItemProxy */;
		};
		D5EB2D0B1C9E86CC004B8784 /* PBXTargetDependency */ = {
			isa = PBXTargetDependency;
			target = D5EB2CE41C9E86CB004B8784 /* 20160320002-DrawerView-Difficulty */;
			targetProxy = D5EB2D0A1C9E86CC004B8784 /* PBXContainerItemProxy */;
		};
/* End PBXTargetDependency section */

/* Begin PBXVariantGroup section */
		D5EB2CF11C9E86CB004B8784 /* Main.storyboard */ = {
			isa = PBXVariantGroup;
			children = (
				D5EB2CF21C9E86CB004B8784 /* Base */,
			);
			name = Main.storyboard;
			sourceTree = "<group>";
		};
		D5EB2CF61C9E86CB004B8784 /* LaunchScreen.storyboard */ = {
			isa = PBXVariantGroup;
			children = (
				D5EB2CF71C9E86CB004B8784 /* Base */,
			);
			name = LaunchScreen.storyboard;
			sourceTree = "<group>";
		};
/* End PBXVariantGroup section */

/* Begin XCBuildConfiguration section */
		D5EB2D101C9E86CC004B8784 /* Debug */ = {
			isa = XCBuildConfiguration;
			buildSettings = {
				ALWAYS_SEARCH_USER_PATHS = NO;
				CLANG_CXX_LANGUAGE_STANDARD = "gnu++0x";
				CLANG_CXX_LIBRARY = "libc++";
				CLANG_ENABLE_MODULES = YES;
				CLANG_ENABLE_OBJC_ARC = YES;
				CLANG_WARN_BOOL_CONVERSION = YES;
				CLANG_WARN_CONSTANT_CONVERSION = YES;
				CLANG_WARN_DIRECT_OBJC_ISA_USAGE = YES_ERROR;
				CLANG_WARN_EMPTY_BODY = YES;
				CLANG_WARN_ENUM_CONVERSION = YES;
				CLANG_WARN_INT_CONVERSION = YES;
				CLANG_WARN_OBJC_ROOT_CLASS = YES_ERROR;
				CLANG_WARN_UNREACHABLE_CODE = YES;
				CLANG_WARN__DUPLICATE_METHOD_MATCH = YES;
				"CODE_SIGN_IDENTITY[sdk=iphoneos*]" = "iPhone Developer";
				COPY_PHASE_STRIP = NO;
				DEBUG_INFORMATION_FORMAT = dwarf;
				ENABLE_STRICT_OBJC_MSGSEND = YES;
				ENABLE_TESTABILITY = YES;
				GCC_C_LANGUAGE_STANDARD = gnu99;
				GCC_DYNAMIC_NO_PIC = NO;
				GCC_NO_COMMON_BLOCKS = YES;
				GCC_OPTIMIZATION_LEVEL = 0;
				GCC_PREPROCESSOR_DEFINITIONS = (
					"DEBUG=1",
					"$(inherited)",
				);
				GCC_WARN_64_TO_32_BIT_CONVERSION = YES;
				GCC_WARN_ABOUT_RETURN_TYPE = YES_ERROR;
				GCC_WARN_UNDECLARED_SELECTOR = YES;
				GCC_WARN_UNINITIALIZED_AUTOS = YES_AGGRESSIVE;
				GCC_WARN_UNUSED_FUNCTION = YES;
				GCC_WARN_UNUSED_VARIABLE = YES;
				IPHONEOS_DEPLOYMENT_TARGET = 9.2;
				MTL_ENABLE_DEBUG_INFO = YES;
				ONLY_ACTIVE_ARCH = YES;
				SDKROOT = iphoneos;
			};
			name = Debug;
		};
		D5EB2D111C9E86CC004B8784 /* Release */ = {
			isa = XCBuildConfiguration;
			buildSettings = {
				ALWAYS_SEARCH_USER_PATHS = NO;
				CLANG_CXX_LANGUAGE_STANDARD = "gnu++0x";
				CLANG_CXX_LIBRARY = "libc++";
				CLANG_ENABLE_MODULES = YES;
				CLANG_ENABLE_OBJC_ARC = YES;
				CLANG_WARN_BOOL_CONVERSION = YES;
				CLANG_WARN_CONSTANT_CONVERSION = YES;
				CLANG_WARN_DIRECT_OBJC_ISA_USAGE = YES_ERROR;
				CLANG_WARN_EMPTY_BODY = YES;
				CLANG_WARN_ENUM_CONVERSION = YES;
				CLANG_WARN_INT_CONVERSION = YES;
				CLANG_WARN_OBJC_ROOT_CLASS = YES_ERROR;
				CLANG_WARN_UNREACHABLE_CODE = YES;
				CLANG_WARN__DUPLICATE_METHOD_MATCH = YES;
				"CODE_SIGN_IDENTITY[sdk=iphoneos*]" = "iPhone Developer";
				COPY_PHASE_STRIP = NO;
				DEBUG_INFORMATION_FORMAT = "dwarf-with-dsym";
				ENABLE_NS_ASSERTIONS = NO;
				ENABLE_STRICT_OBJC_MSGSEND = YES;
				GCC_C_LANGUAGE_STANDARD = gnu99;
				GCC_NO_COMMON_BLOCKS = YES;
				GCC_WARN_64_TO_32_BIT_CONVERSION = YES;
				GCC_WARN_ABOUT_RETURN_TYPE = YES_ERROR;
				GCC_WARN_UNDECLARED_SELECTOR = YES;
				GCC_WARN_UNINITIALIZED_AUTOS = YES_AGGRESSIVE;
				GCC_WARN_UNUSED_FUNCTION = YES;
				GCC_WARN_UNUSED_VARIABLE = YES;
				IPHONEOS_DEPLOYMENT_TARGET = 9.2;
				MTL_ENABLE_DEBUG_INFO = NO;
				SDKROOT = iphoneos;
				VALIDATE_PRODUCT = YES;
			};
			name = Release;
		};
		D5EB2D131C9E86CC004B8784 /* Debug */ = {
			isa = XCBuildConfiguration;
			buildSettings = {
				ASSETCATALOG_COMPILER_APPICON_NAME = AppIcon;
				INFOPLIST_FILE = "20160320002-DrawerView-Difficulty/Info.plist";
				LD_RUNPATH_SEARCH_PATHS = "$(inherited) @executable_path/Frameworks";
				PRODUCT_BUNDLE_IDENTIFIER = "com.rainer.-0160320002-DrawerView-Difficulty";
				PRODUCT_NAME = "$(TARGET_NAME)";
			};
			name = Debug;
		};
		D5EB2D141C9E86CC004B8784 /* Release */ = {
			isa = XCBuildConfiguration;
			buildSettings = {
				ASSETCATALOG_COMPILER_APPICON_NAME = AppIcon;
				INFOPLIST_FILE = "20160320002-DrawerView-Difficulty/Info.plist";
				LD_RUNPATH_SEARCH_PATHS = "$(inherited) @executable_path/Frameworks";
				PRODUCT_BUNDLE_IDENTIFIER = "com.rainer.-0160320002-DrawerView-Difficulty";
				PRODUCT_NAME = "$(TARGET_NAME)";
			};
			name = Release;
		};
		D5EB2D161C9E86CC004B8784 /* Debug */ = {
			isa = XCBuildConfiguration;
			buildSettings = {
				BUNDLE_LOADER = "$(TEST_HOST)";
				INFOPLIST_FILE = "20160320002-DrawerView-DifficultyTests/Info.plist";
				LD_RUNPATH_SEARCH_PATHS = "$(inherited) @executable_path/Frameworks @loader_path/Frameworks";
				PRODUCT_BUNDLE_IDENTIFIER = "com.rainer.-0160320002-DrawerView-DifficultyTests";
				PRODUCT_NAME = "$(TARGET_NAME)";
				TEST_HOST = "$(BUILT_PRODUCTS_DIR)/20160320002-DrawerView-Difficulty.app/20160320002-DrawerView-Difficulty";
			};
			name = Debug;
		};
		D5EB2D171C9E86CC004B8784 /* Release */ = {
			isa = XCBuildConfiguration;
			buildSettings = {
				BUNDLE_LOADER = "$(TEST_HOST)";
				INFOPLIST_FILE = "20160320002-DrawerView-DifficultyTests/Info.plist";
				LD_RUNPATH_SEARCH_PATHS = "$(inherited) @executable_path/Frameworks @loader_path/Frameworks";
				PRODUCT_BUNDLE_IDENTIFIER = "com.rainer.-0160320002-DrawerView-DifficultyTests";
				PRODUCT_NAME = "$(TARGET_NAME)";
				TEST_HOST = "$(BUILT_PRODUCTS_DIR)/20160320002-DrawerView-Difficulty.app/20160320002-DrawerView-Difficulty";
			};
			name = Release;
		};
		D5EB2D191C9E86CC004B8784 /* Debug */ = {
			isa = XCBuildConfiguration;
			buildSettings = {
				INFOPLIST_FILE = "20160320002-DrawerView-DifficultyUITests/Info.plist";
				LD_RUNPATH_SEARCH_PATHS = "$(inherited) @executable_path/Frameworks @loader_path/Frameworks";
				PRODUCT_BUNDLE_IDENTIFIER = "com.rainer.-0160320002-DrawerView-DifficultyUITests";
				PRODUCT_NAME = "$(TARGET_NAME)";
				TEST_TARGET_NAME = "20160320002-DrawerView-Difficulty";
				USES_XCTRUNNER = YES;
			};
			name = Debug;
		};
		D5EB2D1A1C9E86CC004B8784 /* Release */ = {
			isa = XCBuildConfiguration;
			buildSettings = {
				INFOPLIST_FILE = "20160320002-DrawerView-DifficultyUITests/Info.plist";
				LD_RUNPATH_SEARCH_PATHS = "$(inherited) @executable_path/Frameworks @loader_path/Frameworks";
				PRODUCT_BUNDLE_IDENTIFIER = "com.rainer.-0160320002-DrawerView-DifficultyUITests";
				PRODUCT_NAME = "$(TARGET_NAME)";
				TEST_TARGET_NAME = "20160320002-DrawerView-Difficulty";
				USES_XCTRUNNER = YES;
			};
			name = Release;
		};
/* End XCBuildConfiguration section */

/* Begin XCConfigurationList section */
		D5EB2CE01C9E86CB004B8784 /* Build configuration list for PBXProject "20160320002-DrawerView-Difficulty" */ = {
			isa = XCConfigurationList;
			buildConfigurations = (
				D5EB2D101C9E86CC004B8784 /* Debug */,
				D5EB2D111C9E86CC004B8784 /* Release */,
			);
			defaultConfigurationIsVisible = 0;
			defaultConfigurationName = Release;
		};
		D5EB2D121C9E86CC004B8784 /* Build configuration list for PBXNativeTarget "20160320002-DrawerView-Difficulty" */ = {
			isa = XCConfigurationList;
			buildConfigurations = (
				D5EB2D131C9E86CC004B8784 /* Debug */,
				D5EB2D141C9E86CC004B8784 /* Release */,
			);
			defaultConfigurationIsVisible = 0;
		};
		D5EB2D151C9E86CC004B8784 /* Build configuration list for PBXNativeTarget "20160320002-DrawerView-DifficultyTests" */ = {
			isa = XCConfigurationList;
			buildConfigurations = (
				D5EB2D161C9E86CC004B8784 /* Debug */,
				D5EB2D171C9E86CC004B8784 /* Release */,
			);
			defaultConfigurationIsVisible = 0;
		};
		D5EB2D181C9E86CC004B8784 /* Build configuration list for PBXNativeTarget "20160320002-DrawerView-DifficultyUITests" */ = {
			isa = XCConfigurationList;
			buildConfigurations = (
				D5EB2D191C9E86CC004B8784 /* Debug */,
				D5EB2D1A1C9E86CC004B8784 /* Release */,
			);
			defaultConfigurationIsVisible = 0;
		};
/* End XCConfigurationList section */
	};
	rootObject = D5EB2CDD1C9E86CB004B8784 /* Project object */;
}
